{
    "_meta": {
        "hash": {
            "sha256": "0cd57080aff89866b1432a0fd088805437981095ac6287549f3f073b39e8f1c4"
        },
        "pipfile-spec": 6,
        "requires": {
            "python_version": "2.7"
        },
        "sources": [
            {
                "name": "pypi",
                "url": "https://mirrors.aliyun.com/pypi/simple",
                "verify_ssl": true
            }
        ]
    },
    "default": {
        "ipy": {
            "hashes": [
                "sha256:2f2bf658a858d43868d8a4352b3889cf78c66e2ce678b300dcf518c9149ba621"
            ],
            "index": "pypi",
            "version": "==1.0"
        }
    },
    "develop": {}
}
